Microsoft Visual Studio Solution File, Format Version 12.00
# Visual Studio Version 17
VisualStudioVersion = 17.5.2.0
MinimumVisualStudioVersion = 10.0.40219.1
Project("{FAE04EC0-301F-11D3-BF4B-00C04F79EFBC}") = "app-development-workshop", "app-development-workshop\app-development-workshop.csproj", "{94DFD258-C087-12B1-C9FC-45FD1F2E3E71}"
EndProject
Global
	GlobalSection(SolutionConfigurationPlatforms) = preSolution
		Debug|Any CPU = Debug|Any CPU
		Release|Any CPU = Release|Any CPU
	EndGlobalSection
	GlobalSection(ProjectConfigurationPlatforms) = postSolution
		{94DFD258-C087-12B1-C9FC-45FD1F2E3E71}.Debug|Any CPU.ActiveCfg = Debug|Any CPU
		{94DFD258-C087-12B1-C9FC-45FD1F2E3E71}.Debug|Any CPU.Build.0 = Debug|Any CPU
		{94DFD258-C087-12B1-C9FC-45FD1F2E3E71}.Release|Any CPU.ActiveCfg = Release|Any CPU
		{94DFD258-C087-12B1-C9FC-45FD1F2E3E71}.Release|Any CPU.Build.0 = Release|Any CPU
	EndGlobalSection
	GlobalSection(SolutionProperties) = preSolution
		HideSolutionNode = FALSE
	EndGlobalSection
	GlobalSection(ExtensibilityGlobals) = postSolution
		SolutionGuid = {355A9973-C448-430A-BC54-9F2621A9DCF5}
	EndGlobalSection
EndGlobal
